
Microsoft Visual Studio Solution File, Format Version 12.00
# Visual Studio Version 17
VisualStudioVersion = 17.3.32804.467
MinimumVisualStudioVersion = 10.0.40219.1
Project("{FAE04EC0-301F-11D3-BF4B-00C04F79EFBC}") = "Test", "Test\Test.csproj", "{203E49B3-D79D-4433-87F5-332EDF8D879E}"
EndProject
Global
	GlobalSection(SolutionConfigurationPlatforms) = preSolution
		Debug|Any CPU = Debug|Any CPU
		Release|Any CPU = Release|Any CPU
	EndGlobalSection
	GlobalSection(ProjectConfigurationPlatforms) = postSolution
		{203E49B3-D79D-4433-87F5-332EDF8D879E}.Debug|Any CPU.ActiveCfg = Debug|Any CPU
		{203E49B3-D79D-4433-87F5-332EDF8D879E}.Debug|Any CPU.Build.0 = Debug|Any CPU
		{203E49B3-D79D-4433-87F5-332EDF8D879E}.Release|Any CPU.ActiveCfg = Release|Any CPU
		{203E49B3-D79D-4433-87F5-332EDF8D879E}.Release|Any CPU.Build.0 = Release|Any CPU
	EndGlobalSection
	GlobalSection(SolutionProperties) = preSolution
		HideSolutionNode = FALSE
	EndGlobalSection
	GlobalSection(ExtensibilityGlobals) = postSolution
		SolutionGuid = {382B598D-F621-43A5-91D6-14BEDDC3B306}
	EndGlobalSection
EndGlobal
